{
  "name": "xtal-fetch",
  "version": "0.0.107",
  "lockfileVersion": 1,
  "requires": true,
  "dependencies": {
    "@alenaksu/json-viewer": {
      "version": "0.2.0",
      "resolved": "https://registry.npmjs.org/@alenaksu/json-viewer/-/json-viewer-0.2.0.tgz",
      "integrity": "sha512-G4tU5VMkDMTvI1d3hBw93nk1/g/QRcKOdQhyjYlUFAev5Z4/FjRRWWLvWZ3lqCsY25YKl2KABzZkGhnpPFZGOw==",
      "dev": true,
      "requires": {
        "@tiny-lit/element": "^2.0.0-alpha.8",
        "@webcomponents/custom-elements": "^1.4.2"
      }
    },
    "@custom-elements-manifest/analyzer": {
      "version": "0.5.3",
      "resolved": "https://registry.npmjs.org/@custom-elements-manifest/analyzer/-/analyzer-0.5.3.tgz",
      "integrity": "sha512-SnW+sWK1OFh2eiBSiwrnJjAmt9ZxNqWGKSioo5QrGpsm7XK9RryO7uFWCROLsnl1wS94Qx7RZCwt2bN38K4euA==",
      "dev": true,
      "requires": {
        "@web/config-loader": "^0.1.3",
        "chokidar": "^3.5.2",
        "command-line-args": "^5.1.2",
        "comment-parser": "^1.2.0",
        "custom-elements-manifest": "^1.0.0",
        "debounce": "^1.2.1",
        "globby": "^11.0.4",
        "typescript": "^4.3.2"
      }
    },
    "@nodelib/fs.scandir": {
      "version": "2.1.5",
      "resolved": "https://registry.npmjs.org/@nodelib/fs.scandir/-/fs.scandir-2.1.5.tgz",
      "integrity": "sha512-vq24Bq3ym5HEQm2NKCr3yXDwjc7vTsEThRDnkp2DK9p1uqLR+DHurm/NOTo0KG7HYHU7eppKZj3MyqYuMBf62g==",
      "dev": true,
      "requires": {
        "@nodelib/fs.stat": "2.0.5",
        "run-parallel": "^1.1.9"
      }
    },
    "@nodelib/fs.stat": {
      "version": "2.0.5",
      "resolved": "https://registry.npmjs.org/@nodelib/fs.stat/-/fs.stat-2.0.5.tgz",
      "integrity": "sha512-RkhPPp2zrqDAQA/2jNhnztcPAlv64XdhIp7a7454A5ovI7Bukxgt7MX7udwAu3zg1DcpPU0rz3VV1SeaqvY4+A==",
      "dev": true
    },
    "@nodelib/fs.walk": {
      "version": "1.2.8",
      "resolved": "https://registry.npmjs.org/@nodelib/fs.walk/-/fs.walk-1.2.8.tgz",
      "integrity": "sha512-oGB+UxlgWcgQkgwo8GcEGwemoTFt3FIO9ababBmaGwXIoBKZ+GTy0pP185beGg7Llih/NSHSV2XAs1lnznocSg==",
      "dev": true,
      "requires": {
        "@nodelib/fs.scandir": "2.1.5",
        "fastq": "^1.6.0"
      }
    },
    "@skypack/package-check": {
      "version": "0.2.2",
      "resolved": "https://registry.npmjs.org/@skypack/package-check/-/package-check-0.2.2.tgz",
      "integrity": "sha512-T4Wyi9lUuz0a1C2OHuzqZ0aFOCI0AmaGTb2LP9sHgWdoHXlB3JU02gfBpa0Y081G/gFsJYpQ/R0iCJRzF/nknw==",
      "dev": true,
      "requires": {
        "kleur": "^4.1.3",
        "yargs-parser": "^20.2.3"
      }
    },
    "@tiny-lit/core": {
      "version": "2.0.0-alpha.8",
      "resolved": "https://registry.npmjs.org/@tiny-lit/core/-/core-2.0.0-alpha.8.tgz",
      "integrity": "sha512-xsxGCPw1jY+9KNtkZx+3Iz2APOog9S15+6RDywk70/7C4V6kt43x5c6YkMLkmEv8MktNk7njhgSLMzFSaWQx7g==",
      "dev": true
    },
    "@tiny-lit/element": {
      "version": "2.0.0-alpha.8",
      "resolved": "https://registry.npmjs.org/@tiny-lit/element/-/element-2.0.0-alpha.8.tgz",
      "integrity": "sha512-8ODGv2g44yg2/vAfixFIBekBJS24IUzyDvTSSZ5lzRNMABwP93JLakOzBWw0VbulqM+sHXJXBQp0THGN2Iqkeg==",
      "dev": true,
      "requires": {
        "@tiny-lit/core": "^2.0.0-alpha.8"
      }
    },
    "@web/config-loader": {
      "version": "0.1.3",
      "resolved": "https://registry.npmjs.org/@web/config-loader/-/config-loader-0.1.3.tgz",
      "integrity": "sha512-XVKH79pk4d3EHRhofete8eAnqto1e8mCRAqPV00KLNFzCWSe8sWmLnqKCqkPNARC6nksMaGrATnA5sPDRllMpQ==",
      "dev": true,
      "requires": {
        "semver": "^7.3.4"
      },
      "dependencies": {
        "lru-cache": {
          "version": "6.0.0",
          "resolved": "https://registry.npmjs.org/lru-cache/-/lru-cache-6.0.0.tgz",
          "integrity": "sha512-Jo6dJ04CmSjuznwJSS3pUeWmd/H0ffTlkXXgwZi+eq1UCmqQwCh+eLsYOYCwY991i2Fah4h1BEMCx4qThGbsiA==",
          "dev": true,
          "requires": {
            "yallist": "^4.0.0"
          }
        },
        "semver": {
          "version": "7.3.5",
          "resolved": "https://registry.npmjs.org/semver/-/semver-7.3.5.tgz",
          "integrity": "sha512-PoeGJYh8HK4BTO/a9Tf6ZG3veo/A7ZVsYrSA6J8ny9nb3B1VrpkuN+z9OE5wfE5p6H4LchYZsegiQgbJD94ZFQ==",
          "dev": true,
          "requires": {
            "lru-cache": "^6.0.0"
          }
        },
        "yallist": {
          "version": "4.0.0",
          "resolved": "https://registry.npmjs.org/yallist/-/yallist-4.0.0.tgz",
          "integrity": "sha512-3wdGidZyq5PB084XLES5TpOSRA3wjXAlIWMhum2kRcv/41Sn2emQ0dycQW4uZXLejwKvg6EsvbdlVL+FYEct7A==",
          "dev": true
        }
      }
    },
    "@webcomponents/custom-elements": {
      "version": "1.4.3",
      "resolved": "https://registry.npmjs.org/@webcomponents/custom-elements/-/custom-elements-1.4.3.tgz",
      "integrity": "sha512-iD0YW46SreUQANGccywK/eC+gZELNHocZZrY2fGwrIlx/biQOTkAF9IohisibHbrmIHmA9pVCIdGwzfO+W0gig==",
      "dev": true
    },
    "aggregator-fn": {
      "version": "0.0.37",
      "resolved": "https://registry.npmjs.org/aggregator-fn/-/aggregator-fn-0.0.37.tgz",
      "integrity": "sha512-mmfh1Wd1daqovaUK/Vdu56G6JjxSvOE2WKo6AROE7v9UII4iUyb/T5VlJUyeFVqoAY4OxrHuxYSR9M/Rs2Pjtg==",
      "dev": true,
      "requires": {
        "trans-render": "0.0.291",
        "xtal-element": "0.0.417"
      },
      "dependencies": {
        "trans-render": {
          "version": "0.0.291",
          "resolved": "https://registry.npmjs.org/trans-render/-/trans-render-0.0.291.tgz",
          "integrity": "sha512-r46oEbKv4D/0jix0DSADgITy1vVoU6QMsqy71FPpmn0S0hZElWl31pyJxa1hnQFO1KzCDmRxjP3iR9doQplVgQ==",
          "dev": true
        },
        "xtal-element": {
          "version": "0.0.417",
          "resolved": "https://registry.npmjs.org/xtal-element/-/xtal-element-0.0.417.tgz",
          "integrity": "sha512-cVzaba39dElaktoQwySB6uOJ0TalqJ0PR6KhvbF9DWgS12HY4H9tPCpwtCBc4RQo3qidRq6RfHjcF5dmRzS4Vw==",
          "dev": true,
          "requires": {
            "trans-render": "0.0.291"
          }
        }
      }
    },
    "anymatch": {
      "version": "3.1.2",
      "resolved": "https://registry.npmjs.org/anymatch/-/anymatch-3.1.2.tgz",
      "integrity": "sha512-P43ePfOAIupkguHUycrc4qJ9kz8ZiuOUijaETwX7THt0Y/GNK7v0aa8rY816xWjZ7rJdA5XdMcpVFTKMq+RvWg==",
      "dev": true,
      "requires": {
        "normalize-path": "^3.0.0",
        "picomatch": "^2.0.4"
      }
    },
    "array-back": {
      "version": "3.1.0",
      "resolved": "https://registry.npmjs.org/array-back/-/array-back-3.1.0.tgz",
      "integrity": "sha512-TkuxA4UCOvxuDK6NZYXCalszEzj+TLszyASooky+i742l9TqsOdYCMJJupxRic61hwquNtppB3hgcuq9SVSH1Q==",
      "dev": true
    },
    "array-union": {
      "version": "2.1.0",
      "resolved": "https://registry.npmjs.org/array-union/-/array-union-2.1.0.tgz",
      "integrity": "sha512-HGyxoOTYUyCM6stUe6EJgnd4EoewAI7zMdfqO+kGjnlZmBDz/cR5pf8r/cR4Wq60sL/p0IkcjUEEPwS3GFrIyw==",
      "dev": true
    },
    "binary-extensions": {
      "version": "2.2.0",
      "resolved": "https://registry.npmjs.org/binary-extensions/-/binary-extensions-2.2.0.tgz",
      "integrity": "sha512-jDctJ/IVQbZoJykoeHbhXpOlNBqGNcwXJKJog42E5HDPUwQTSdjCHdihjj0DlnheQ7blbT6dHOafNAiS8ooQKA==",
      "dev": true
    },
    "braces": {
      "version": "3.0.2",
      "resolved": "https://registry.npmjs.org/braces/-/braces-3.0.2.tgz",
      "integrity": "sha512-b8um+L1RzM3WDSzvhm6gIz1yfTbBt6YTlcEKAvsmqCZZFw46z626lVj9j1yEPW33H5H+lBQpZMP1k8l+78Ha0A==",
      "dev": true,
      "requires": {
        "fill-range": "^7.0.1"
      }
    },
    "carbon-copy": {
      "version": "0.1.78",
      "resolved": "https://registry.npmjs.org/carbon-copy/-/carbon-copy-0.1.78.tgz",
      "integrity": "sha512-Z6WOS0bUXYV2tqZSR3GtD7x10sYWNFz56qw5rn0MiuQG0hIJAyhMh/23hNIMw9EDsTYMpvR6m6W5z59fTtssQQ==",
      "dev": true,
      "requires": {
        "templ-arts": "0.0.6",
        "trans-render": "0.0.291",
        "xtal-element": "0.0.414"
      },
      "dependencies": {
        "trans-render": {
          "version": "0.0.291",
          "resolved": "https://registry.npmjs.org/trans-render/-/trans-render-0.0.291.tgz",
          "integrity": "sha512-r46oEbKv4D/0jix0DSADgITy1vVoU6QMsqy71FPpmn0S0hZElWl31pyJxa1hnQFO1KzCDmRxjP3iR9doQplVgQ==",
          "dev": true
        },
        "xtal-element": {
          "version": "0.0.414",
          "resolved": "https://registry.npmjs.org/xtal-element/-/xtal-element-0.0.414.tgz",
          "integrity": "sha512-EzLWpLczg7sBu2lR2co4wUj2zbTIOuR8zcV4Pb+NWGekcS1/x8mwd5Ll1vj+10wO5PREfMNn06sHf6nhKPyrPA==",
          "dev": true,
          "requires": {
            "trans-render": "0.0.291"
          }
        }
      }
    },
    "chokidar": {
      "version": "3.5.2",
      "resolved": "https://registry.npmjs.org/chokidar/-/chokidar-3.5.2.tgz",
      "integrity": "sha512-ekGhOnNVPgT77r4K/U3GDhu+FQ2S8TnK/s2KbIGXi0SZWuwkZ2QNyfWdZW+TVfn84DpEP7rLeCt2UI6bJ8GwbQ==",
      "dev": true,
      "requires": {
        "anymatch": "~3.1.2",
        "braces": "~3.0.2",
        "fsevents": "~2.3.2",
        "glob-parent": "~5.1.2",
        "is-binary-path": "~2.1.0",
        "is-glob": "~4.0.1",
        "normalize-path": "~3.0.0",
        "readdirp": "~3.6.0"
      }
    },
    "command-line-args": {
      "version": "5.2.0",
      "resolved": "https://registry.npmjs.org/command-line-args/-/command-line-args-5.2.0.tgz",
      "integrity": "sha512-4zqtU1hYsSJzcJBOcNZIbW5Fbk9BkjCp1pZVhQKoRaWL5J7N4XphDLwo8aWwdQpTugxwu+jf9u2ZhkXiqp5Z6A==",
      "dev": true,
      "requires": {
        "array-back": "^3.1.0",
        "find-replace": "^3.0.0",
        "lodash.camelcase": "^4.3.0",
        "typical": "^4.0.0"
      }
    },
    "comment-parser": {
      "version": "1.2.4",
      "resolved": "https://registry.npmjs.org/comment-parser/-/comment-parser-1.2.4.tgz",
      "integrity": "sha512-pm0b+qv+CkWNriSTMsfnjChF9kH0kxz55y44Wo5le9qLxMj5xDQAaEd9ZN1ovSuk9CsrncWaFwgpOMg7ClJwkw==",
      "dev": true
    },
    "custom-elements-manifest": {
      "version": "1.0.0",
      "resolved": "https://registry.npmjs.org/custom-elements-manifest/-/custom-elements-manifest-1.0.0.tgz",
      "integrity": "sha512-j59k0ExGCKA8T6Mzaq+7axc+KVHwpEphEERU7VZ99260npu/p/9kd+Db+I3cGKxHkM5y6q5gnlXn00mzRQkX2A==",
      "dev": true
    },
    "debounce": {
      "version": "1.2.1",
      "resolved": "https://registry.npmjs.org/debounce/-/debounce-1.2.1.tgz",
      "integrity": "sha512-XRRe6Glud4rd/ZGQfiV1ruXSfbvfJedlV9Y6zOlP+2K04vBYiJEte6stfFkCP03aMnY5tsipamumUjL14fofug==",
      "dev": true
    },
    "dir-glob": {
      "version": "3.0.1",
      "resolved": "https://registry.npmjs.org/dir-glob/-/dir-glob-3.0.1.tgz",
      "integrity": "sha512-WkrWp9GR4KXfKGYzOLmTuGVi1UWFfws377n9cc55/tb6DuqyF6pcQ5AbiHEshaDpY9v6oaSr2XCDidGmMwdzIA==",
      "dev": true,
      "requires": {
        "path-type": "^4.0.0"
      }
    },
    "fast-glob": {
      "version": "3.2.7",
      "resolved": "https://registry.npmjs.org/fast-glob/-/fast-glob-3.2.7.tgz",
      "integrity": "sha512-rYGMRwip6lUMvYD3BTScMwT1HtAs2d71SMv66Vrxs0IekGZEjhM0pcMfjQPnknBt2zeCwQMEupiN02ZP4DiT1Q==",
      "dev": true,
      "requires": {
        "@nodelib/fs.stat": "^2.0.2",
        "@nodelib/fs.walk": "^1.2.3",
        "glob-parent": "^5.1.2",
        "merge2": "^1.3.0",
        "micromatch": "^4.0.4"
      }
    },
    "fastq": {
      "version": "1.13.0",
      "resolved": "https://registry.npmjs.org/fastq/-/fastq-1.13.0.tgz",
      "integrity": "sha512-YpkpUnK8od0o1hmeSc7UUs/eB/vIPWJYjKck2QKIzAf71Vm1AAQ3EbuZB3g2JIy+pg+ERD0vqI79KyZiB2e2Nw==",
      "dev": true,
      "requires": {
        "reusify": "^1.0.4"
      }
    },
    "fill-range": {
      "version": "7.0.1",
      "resolved": "https://registry.npmjs.org/fill-range/-/fill-range-7.0.1.tgz",
      "integrity": "sha512-qOo9F+dMUmC2Lcb4BbVvnKJxTPjCm+RRpe4gDuGrzkL7mEVl/djYSu2OdQ2Pa302N4oqkSg9ir6jaLWJ2USVpQ==",
      "dev": true,
      "requires": {
        "to-regex-range": "^5.0.1"
      }
    },
    "find-replace": {
      "version": "3.0.0",
      "resolved": "https://registry.npmjs.org/find-replace/-/find-replace-3.0.0.tgz",
      "integrity": "sha512-6Tb2myMioCAgv5kfvP5/PkZZ/ntTpVK39fHY7WkWBgvbeE+VHd/tZuZ4mrC+bxh4cfOZeYKVPaJIZtZXV7GNCQ==",
      "dev": true,
      "requires": {
        "array-back": "^3.0.1"
      }
    },
    "for-instance": {
      "version": "0.0.45",
      "resolved": "https://registry.npmjs.org/for-instance/-/for-instance-0.0.45.tgz",
      "integrity": "sha512-1AzFACCzSrBSB4st8wRXmXJRmkDjUF+gv2fWX2O/sraICKwbtXi4RJyyBz76OXuYk7DfMDziIEurcNjbj3Xhcw==",
      "dev": true,
      "requires": {
        "@alenaksu/json-viewer": "0.2.0",
        "aggregator-fn": "0.0.35",
        "carbon-copy": "0.1.78",
        "ib-id": "0.0.58",
        "if-diff": "0.0.95",
        "pass-down": "0.0.71",
        "pass-prop": "0.0.19",
        "ref-to": "0.0.7",
        "trans-render": "0.0.291",
        "xt-f": "0.0.3",
        "xtal-element": "0.0.416",
        "xtal-fetch": "0.0.92",
        "xtal-shell": "0.0.25"
      },
      "dependencies": {
        "aggregator-fn": {
          "version": "0.0.35",
          "resolved": "https://registry.npmjs.org/aggregator-fn/-/aggregator-fn-0.0.35.tgz",
          "integrity": "sha512-Pxv/UuxgBUXjtlKaiDq1kdcijozPfiYeyifqjaDVi9KEBBo29cjsq6jeLwr5y5oq9kX/0Fz+D6h1lMqxujftUQ==",
          "dev": true,
          "requires": {
            "trans-render": "0.0.291",
            "xtal-element": "0.0.416"
          }
        },
        "if-diff": {
          "version": "0.0.95",
          "resolved": "https://registry.npmjs.org/if-diff/-/if-diff-0.0.95.tgz",
          "integrity": "sha512-2+2GeCncJAfXdX7h0fqHBUY6vYysfcZJB46qNAMY12yFoA++YAJE2RE1HN8QDua+dvOqmS7R7SoTWWBDxSc45A==",
          "dev": true,
          "requires": {
            "lazy-mt": "0.0.14",
            "mut-obs": "0.0.9",
            "trans-render": "0.0.291",
            "xtal-element": "0.0.414"
          },
          "dependencies": {
            "xtal-element": {
              "version": "0.0.414",
              "resolved": "https://registry.npmjs.org/xtal-element/-/xtal-element-0.0.414.tgz",
              "integrity": "sha512-EzLWpLczg7sBu2lR2co4wUj2zbTIOuR8zcV4Pb+NWGekcS1/x8mwd5Ll1vj+10wO5PREfMNn06sHf6nhKPyrPA==",
              "dev": true,
              "requires": {
                "trans-render": "0.0.291"
              }
            }
          }
        },
        "pass-down": {
          "version": "0.0.71",
          "resolved": "https://registry.npmjs.org/pass-down/-/pass-down-0.0.71.tgz",
          "integrity": "sha512-1aCqwTSa5F9NwL0ooAXSRDUNiyCt7W1I+QU7FAQjI3OkrNjz4SjzAgt3oRYUTMNWe/AhzPVvQKUCPpflGMndpQ==",
          "dev": true,
          "requires": {
            "jsonpathesm": "0.0.2",
            "mut-obs": "0.0.9",
            "on-to-me": "0.0.32",
            "trans-render": "0.0.291",
            "xtal-element": "0.0.416"
          },
          "dependencies": {
            "on-to-me": {
              "version": "0.0.32",
              "resolved": "https://registry.npmjs.org/on-to-me/-/on-to-me-0.0.32.tgz",
              "integrity": "sha512-YN8/w4otKvKrr+yVsCO9o80rneK6bOgAiZsVz3HmYdHvEaSr4/IUrlyv/MkQVRp4g7idljMdIrlsxIzbOcb+RA==",
              "dev": true
            }
          }
        },
        "trans-render": {
          "version": "0.0.291",
          "resolved": "https://registry.npmjs.org/trans-render/-/trans-render-0.0.291.tgz",
          "integrity": "sha512-r46oEbKv4D/0jix0DSADgITy1vVoU6QMsqy71FPpmn0S0hZElWl31pyJxa1hnQFO1KzCDmRxjP3iR9doQplVgQ==",
          "dev": true
        },
        "xtal-element": {
          "version": "0.0.416",
          "resolved": "https://registry.npmjs.org/xtal-element/-/xtal-element-0.0.416.tgz",
          "integrity": "sha512-OX0XANQgscdUdiYQSVU9pQDhRidsv2IFauDxba/vYdcXuCVCgVP4n7zcaLO3LeF0adPQNpJRg/z6Vv/aVq08iQ==",
          "dev": true,
          "requires": {
            "trans-render": "0.0.291"
          }
        }
      }
    },
    "fsevents": {
      "version": "2.3.2",
      "resolved": "https://registry.npmjs.org/fsevents/-/fsevents-2.3.2.tgz",
      "integrity": "sha512-xiqMQR4xAeHTuB9uWm+fFRcIOgKBMiOBP+eXiyT7jsgVCq1bkVygt00oASowB7EdtpOHaaPgKt812P9ab+DDKA==",
      "dev": true,
      "optional": true
    },
    "glob-parent": {
      "version": "5.1.2",
      "resolved": "https://registry.npmjs.org/glob-parent/-/glob-parent-5.1.2.tgz",
      "integrity": "sha512-AOIgSQCepiJYwP3ARnGx+5VnTu2HBYdzbGP45eLw1vr3zB3vZLeyed1sC9hnbcOc9/SrMyM5RPQrkGz4aS9Zow==",
      "dev": true,
      "requires": {
        "is-glob": "^4.0.1"
      }
    },
    "globby": {
      "version": "11.0.4",
      "resolved": "https://registry.npmjs.org/globby/-/globby-11.0.4.tgz",
      "integrity": "sha512-9O4MVG9ioZJ08ffbcyVYyLOJLk5JQ688pJ4eMGLpdWLHq/Wr1D9BlriLQyL0E+jbkuePVZXYFj47QM/v093wHg==",
      "dev": true,
      "requires": {
        "array-union": "^2.1.0",
        "dir-glob": "^3.0.1",
        "fast-glob": "^3.1.1",
        "ignore": "^5.1.4",
        "merge2": "^1.3.0",
        "slash": "^3.0.0"
      }
    },
    "ib-id": {
      "version": "0.0.58",
      "resolved": "https://registry.npmjs.org/ib-id/-/ib-id-0.0.58.tgz",
      "integrity": "sha512-hVzjvJpPsjKqNouDWcFoDMGFYXKzJKvBVeMPio2Y9NvJKRZTQuoI7CYMvIjdaINSwVaO7VJtqg02eu7rfre2YQ==",
      "dev": true,
      "requires": {
        "trans-render": "0.0.291",
        "xtal-element": "0.0.414"
      },
      "dependencies": {
        "trans-render": {
          "version": "0.0.291",
          "resolved": "https://registry.npmjs.org/trans-render/-/trans-render-0.0.291.tgz",
          "integrity": "sha512-r46oEbKv4D/0jix0DSADgITy1vVoU6QMsqy71FPpmn0S0hZElWl31pyJxa1hnQFO1KzCDmRxjP3iR9doQplVgQ==",
          "dev": true
        },
        "xtal-element": {
          "version": "0.0.414",
          "resolved": "https://registry.npmjs.org/xtal-element/-/xtal-element-0.0.414.tgz",
          "integrity": "sha512-EzLWpLczg7sBu2lR2co4wUj2zbTIOuR8zcV4Pb+NWGekcS1/x8mwd5Ll1vj+10wO5PREfMNn06sHf6nhKPyrPA==",
          "dev": true,
          "requires": {
            "trans-render": "0.0.291"
          }
        }
      }
    },
    "if-diff": {
      "version": "0.0.105",
      "resolved": "https://registry.npmjs.org/if-diff/-/if-diff-0.0.105.tgz",
      "integrity": "sha512-hWFc6dj2QlhLNuLJv6o8AwD9p77byY16TLqHjuNbRhkjEkjjmyadOn1sactPU8Y7PjmJ17JtWw2dbf441bQcxg==",
      "dev": true,
      "requires": {
        "lazy-mt": "0.0.19",
        "mut-obs": "0.0.9",
        "trans-render": "0.0.291",
        "xtal-element": "0.0.419"
      },
      "dependencies": {
        "lazy-mt": {
          "version": "0.0.19",
          "resolved": "https://registry.npmjs.org/lazy-mt/-/lazy-mt-0.0.19.tgz",
          "integrity": "sha512-ZsgEEcKjYcVmm+5nV3ZK9/TzpqPb00bWQagGp3LmHOXSrXhHfrGtUgyd+dZIoCpww/q2vO9vLxGIYuR/B4YcEA==",
          "dev": true,
          "requires": {
            "trans-render": "0.0.291",
            "xtal-element": "0.0.416"
          },
          "dependencies": {
            "xtal-element": {
              "version": "0.0.416",
              "resolved": "https://registry.npmjs.org/xtal-element/-/xtal-element-0.0.416.tgz",
              "integrity": "sha512-OX0XANQgscdUdiYQSVU9pQDhRidsv2IFauDxba/vYdcXuCVCgVP4n7zcaLO3LeF0adPQNpJRg/z6Vv/aVq08iQ==",
              "dev": true,
              "requires": {
                "trans-render": "0.0.291"
              }
            }
          }
        },
        "trans-render": {
          "version": "0.0.291",
          "resolved": "https://registry.npmjs.org/trans-render/-/trans-render-0.0.291.tgz",
          "integrity": "sha512-r46oEbKv4D/0jix0DSADgITy1vVoU6QMsqy71FPpmn0S0hZElWl31pyJxa1hnQFO1KzCDmRxjP3iR9doQplVgQ==",
          "dev": true
        },
        "xtal-element": {
          "version": "0.0.419",
          "resolved": "https://registry.npmjs.org/xtal-element/-/xtal-element-0.0.419.tgz",
          "integrity": "sha512-hejWhCouW9ycumnmuhJYotvJE3epIRdbF1IkXFoNU3ce6LtNF1Oc/sOlqHv05ByAbLKxGD5AdmHQ98We36znbw==",
          "dev": true,
          "requires": {
            "trans-render": "0.0.291"
          }
        }
      }
    },
    "ignore": {
      "version": "5.1.8",
      "resolved": "https://registry.npmjs.org/ignore/-/ignore-5.1.8.tgz",
      "integrity": "sha512-BMpfD7PpiETpBl/A6S498BaIJ6Y/ABT93ETbby2fP00v4EbvPBXWEoaR1UBPKs3iR53pJY7EtZk5KACI57i1Uw==",
      "dev": true
    },
    "is-binary-path": {
      "version": "2.1.0",
      "resolved": "https://registry.npmjs.org/is-binary-path/-/is-binary-path-2.1.0.tgz",
      "integrity": "sha512-ZMERYes6pDydyuGidse7OsHxtbI7WVeUEozgR/g7rd0xUimYNlvZRE/K2MgZTjWy725IfelLeVcEM97mmtRGXw==",
      "dev": true,
      "requires": {
        "binary-extensions": "^2.0.0"
      }
    },
    "is-extglob": {
      "version": "2.1.1",
      "resolved": "https://registry.npmjs.org/is-extglob/-/is-extglob-2.1.1.tgz",
      "integrity": "sha1-qIwCU1eR8C7TfHahueqXc8gz+MI=",
      "dev": true
    },
    "is-glob": {
      "version": "4.0.1",
      "resolved": "https://registry.npmjs.org/is-glob/-/is-glob-4.0.1.tgz",
      "integrity": "sha512-5G0tKtBTFImOqDnLB2hG6Bp2qcKEFduo4tZu9MT/H6NQv/ghhy30o55ufafxJ/LdH79LLs2Kfrn85TLKyA7BUg==",
      "dev": true,
      "requires": {
        "is-extglob": "^2.1.1"
      }
    },
    "is-number": {
      "version": "7.0.0",
      "resolved": "https://registry.npmjs.org/is-number/-/is-number-7.0.0.tgz",
      "integrity": "sha512-41Cifkg6e8TylSpdtTpeLVMqvSBEVzTttHvERD741+pnZ8ANv0004MRL43QKPDlK9cGvNp6NZWZUBlbGXYxxng==",
      "dev": true
    },
    "json-file-patch": {
      "version": "0.0.1",
      "resolved": "https://registry.npmjs.org/json-file-patch/-/json-file-patch-0.0.1.tgz",
      "integrity": "sha512-Xo7h78KMg5r4q4PnlXtvVF/mXI1p+wbVstxVTkjT1Y3UxHx4R1mG4EdqEH7FpT9LZdlpjBL6XO95zfwLsCdXJw==",
      "dev": true
    },
    "jsonpathesm": {
      "version": "0.0.2",
      "resolved": "https://registry.npmjs.org/jsonpathesm/-/jsonpathesm-0.0.2.tgz",
      "integrity": "sha512-KjzxLqm4vEZpyo5Nhpbg0YOGGVwT7Tc3U60NcbXeIq6X/x5GqjouVM52XFX8Qc2BDpHxMtst2Rf34K4+cYfHHQ==",
      "dev": true
    },
    "kleur": {
      "version": "4.1.4",
      "resolved": "https://registry.npmjs.org/kleur/-/kleur-4.1.4.tgz",
      "integrity": "sha512-8QADVssbrFjivHWQU7KkMgptGTl6WAcSdlbBPY4uNF+mWr6DGcKrvY2w4FQJoXch7+fKMjj0dRrL75vk3k23OA==",
      "dev": true
    },
    "lazy-mt": {
      "version": "0.0.14",
      "resolved": "https://registry.npmjs.org/lazy-mt/-/lazy-mt-0.0.14.tgz",
      "integrity": "sha512-bi1Ldcmy2dzZ3J4VNDZwS6UlRd7dHyziP4+abxMW5ljh7b5PlW6EIJM12UaiI+udsJAAIWtn4rS9TjSA8K1abw==",
      "dev": true,
      "requires": {
        "trans-render": "0.0.291",
        "xtal-element": "0.0.414"
      },
      "dependencies": {
        "trans-render": {
          "version": "0.0.291",
          "resolved": "https://registry.npmjs.org/trans-render/-/trans-render-0.0.291.tgz",
          "integrity": "sha512-r46oEbKv4D/0jix0DSADgITy1vVoU6QMsqy71FPpmn0S0hZElWl31pyJxa1hnQFO1KzCDmRxjP3iR9doQplVgQ==",
          "dev": true
        },
        "xtal-element": {
          "version": "0.0.414",
          "resolved": "https://registry.npmjs.org/xtal-element/-/xtal-element-0.0.414.tgz",
          "integrity": "sha512-EzLWpLczg7sBu2lR2co4wUj2zbTIOuR8zcV4Pb+NWGekcS1/x8mwd5Ll1vj+10wO5PREfMNn06sHf6nhKPyrPA==",
          "dev": true,
          "requires": {
            "trans-render": "0.0.291"
          }
        }
      }
    },
    "lit-html": {
      "version": "1.3.0",
      "resolved": "https://registry.npmjs.org/lit-html/-/lit-html-1.3.0.tgz",
      "integrity": "sha512-0Q1bwmaFH9O14vycPHw8C/IeHMk/uSDldVLIefu/kfbTBGIc44KGH6A8p1bDfxUfHdc8q6Ct7kQklWoHgr4t1Q==",
      "dev": true
    },
    "litter-g": {
      "version": "0.0.36",
      "resolved": "https://registry.npmjs.org/litter-g/-/litter-g-0.0.36.tgz",
      "integrity": "sha512-fDb2D5IPox4bi1jmipDTpPXDFEQTsXGiLIVfkkA+sUov5WneYPbXT4pvqE2COmQiT3Wpx/Q3iu7jK3RX5jtr9g==",
      "dev": true,
      "requires": {
        "lit-html": "1.3.0",
        "trans-render": "0.0.269",
        "xtal-deco": "0.0.27",
        "xtal-element": "0.0.315"
      },
      "dependencies": {
        "trans-render": {
          "version": "0.0.269",
          "resolved": "https://registry.npmjs.org/trans-render/-/trans-render-0.0.269.tgz",
          "integrity": "sha512-Db+wK9uwjf/uvFCdGKpSfrdk2mdgNYtqOD3LHb7lKcuIPy7mgBcFYmyuLVtubzpp1iE5LtoE8Am1szRysQ+mag==",
          "dev": true
        },
        "xtal-element": {
          "version": "0.0.315",
          "resolved": "https://registry.npmjs.org/xtal-element/-/xtal-element-0.0.315.tgz",
          "integrity": "sha512-/fiDJux2obkZiFXBD8Edsc9D7VwvI9cOWCtNlct2Kttlotr92RBqpekoekvr9aeO9L6WVyFFWdwv+UJMEEvLAA==",
          "dev": true,
          "requires": {
            "trans-render": "0.0.269"
          }
        }
      }
    },
    "lodash.camelcase": {
      "version": "4.3.0",
      "resolved": "https://registry.npmjs.org/lodash.camelcase/-/lodash.camelcase-4.3.0.tgz",
      "integrity": "sha1-soqmKIorn8ZRA1x3EfZathkDMaY=",
      "dev": true
    },
    "merge2": {
      "version": "1.4.1",
      "resolved": "https://registry.npmjs.org/merge2/-/merge2-1.4.1.tgz",
      "integrity": "sha512-8q7VEgMJW4J8tcfVPy8g09NcQwZdbwFEqhe/WZkoIzjn/3TGDwtOCYtXGxA3O8tPzpczCCDgv+P2P5y00ZJOOg==",
      "dev": true
    },
    "micromatch": {
      "version": "4.0.4",
      "resolved": "https://registry.npmjs.org/micromatch/-/micromatch-4.0.4.tgz",
      "integrity": "sha512-pRmzw/XUcwXGpD9aI9q/0XOwLNygjETJ8y0ao0wdqprrzDa4YnxLcz7fQRZr8voh8V10kGhABbNcHVk5wHgWwg==",
      "dev": true,
      "requires": {
        "braces": "^3.0.1",
        "picomatch": "^2.2.3"
      }
    },
    "mut-obs": {
      "version": "0.0.9",
      "resolved": "https://registry.npmjs.org/mut-obs/-/mut-obs-0.0.9.tgz",
      "integrity": "sha512-/MNMGqftTmYpjlOpRj6BkozUrdwkVZjq3+b4eoLdav78gYDaFv4XUXu68ZOf4Kz/DHcxGooa6CVVaOSSv85UVQ==",
      "dev": true
    },
    "normalize-path": {
      "version": "3.0.0",
      "resolved": "https://registry.npmjs.org/normalize-path/-/normalize-path-3.0.0.tgz",
      "integrity": "sha512-6eZs5Ls3WtCisHWp9S2GUy8dqkpGi4BVSz3GaqiE6ezub0512ESztXUwUB6C6IKbQkY2Pnb/mD4WYojCRwcwLA==",
      "dev": true
    },
    "on-to-me": {
      "version": "0.0.35",
      "resolved": "https://registry.npmjs.org/on-to-me/-/on-to-me-0.0.35.tgz",
      "integrity": "sha512-NF8poq4eBudvJbZQNtG8xBmYxSlr/azQgc5wEaItyHgi+oTq8i+5dQ5CVI9hf6Ol2IvDRpdZO22E+v9N6+7uzA==",
      "dev": true
    },
    "pass-down": {
      "version": "0.0.105",
      "resolved": "https://registry.npmjs.org/pass-down/-/pass-down-0.0.105.tgz",
      "integrity": "sha512-l5m8WLklJ64+T4N2XTnyBqWzUUtbrv+3cn1y2fp6luYwMmk7Dnfk+eBbx9fe75gDMZKy6HigtnSnHFIxR3DtuQ==",
      "dev": true,
      "requires": {
        "jsonpathesm": "0.0.2",
        "mut-obs": "0.0.10",
        "on-to-me": "0.0.35",
        "trans-render": "0.0.383"
      },
      "dependencies": {
        "mut-obs": {
          "version": "0.0.10",
          "resolved": "https://registry.npmjs.org/mut-obs/-/mut-obs-0.0.10.tgz",
          "integrity": "sha512-DVB7uTiVH0UmqM108EUEtYXuzpIK1f4AuEsQz+/WUxrQmmKRem7zVpgKJpIt//4tStK/sqEZTm+8+2CVdUTplQ==",
          "dev": true
        },
        "trans-render": {
          "version": "0.0.383",
          "resolved": "https://registry.npmjs.org/trans-render/-/trans-render-0.0.383.tgz",
          "integrity": "sha512-b7VQkAHat2VgqzFvPog9EQpcujQfYN/qlKrEr1Zdtrz2AHbx9CdFsTooOxdrz00ovzBF+gTp9QG1D4ADfCqK6Q==",
          "dev": true
        }
      }
    },
    "pass-prop": {
      "version": "0.0.19",
      "resolved": "https://registry.npmjs.org/pass-prop/-/pass-prop-0.0.19.tgz",
      "integrity": "sha512-c3Xbctrzl1tl7bhPMHvdkfFjcrnJ77ZRLrcSdj4nTiyA6B5R0XfXl0sg7jWrRmD1cNhOmHFPLbOBO5Z0NoS81A==",
      "dev": true,
      "requires": {
        "jsonpathesm": "0.0.2",
        "mut-obs": "0.0.9",
        "on-to-me": "0.0.32",
        "pass-down": "0.0.71",
        "trans-render": "0.0.291",
        "xtal-element": "0.0.416"
      },
      "dependencies": {
        "on-to-me": {
          "version": "0.0.32",
          "resolved": "https://registry.npmjs.org/on-to-me/-/on-to-me-0.0.32.tgz",
          "integrity": "sha512-YN8/w4otKvKrr+yVsCO9o80rneK6bOgAiZsVz3HmYdHvEaSr4/IUrlyv/MkQVRp4g7idljMdIrlsxIzbOcb+RA==",
          "dev": true
        },
        "pass-down": {
          "version": "0.0.71",
          "resolved": "https://registry.npmjs.org/pass-down/-/pass-down-0.0.71.tgz",
          "integrity": "sha512-1aCqwTSa5F9NwL0ooAXSRDUNiyCt7W1I+QU7FAQjI3OkrNjz4SjzAgt3oRYUTMNWe/AhzPVvQKUCPpflGMndpQ==",
          "dev": true,
          "requires": {
            "jsonpathesm": "0.0.2",
            "mut-obs": "0.0.9",
            "on-to-me": "0.0.32",
            "trans-render": "0.0.291",
            "xtal-element": "0.0.416"
          }
        },
        "trans-render": {
          "version": "0.0.291",
          "resolved": "https://registry.npmjs.org/trans-render/-/trans-render-0.0.291.tgz",
          "integrity": "sha512-r46oEbKv4D/0jix0DSADgITy1vVoU6QMsqy71FPpmn0S0hZElWl31pyJxa1hnQFO1KzCDmRxjP3iR9doQplVgQ==",
          "dev": true
        },
        "xtal-element": {
          "version": "0.0.416",
          "resolved": "https://registry.npmjs.org/xtal-element/-/xtal-element-0.0.416.tgz",
          "integrity": "sha512-OX0XANQgscdUdiYQSVU9pQDhRidsv2IFauDxba/vYdcXuCVCgVP4n7zcaLO3LeF0adPQNpJRg/z6Vv/aVq08iQ==",
          "dev": true,
          "requires": {
            "trans-render": "0.0.291"
          }
        }
      }
    },
    "path-type": {
      "version": "4.0.0",
      "resolved": "https://registry.npmjs.org/path-type/-/path-type-4.0.0.tgz",
      "integrity": "sha512-gDKb8aZMDeD/tZWs9P6+q0J9Mwkdl6xMV8TjnGP3qJVJ06bdMgkbBlLU8IdfOsIsFz2BW1rNVT3XuNEl8zPAvw==",
      "dev": true
    },
    "picomatch": {
      "version": "2.3.0",
      "resolved": "https://registry.npmjs.org/picomatch/-/picomatch-2.3.0.tgz",
      "integrity": "sha512-lY1Q/PiJGC2zOv/z391WOTD+Z02bCgsFfvxoXXf6h7kv9o+WmsmzYqrAwY63sNgOxE4xEdq0WyUnXfKeBrSvYw==",
      "dev": true
    },
    "queue-microtask": {
      "version": "1.2.3",
      "resolved": "https://registry.npmjs.org/queue-microtask/-/queue-microtask-1.2.3.tgz",
      "integrity": "sha512-NuaNSa6flKT5JaSYQzJok04JzTL1CA6aGhv5rfLW3PgqA+M2ChpZQnAC8h8i4ZFkBS8X5RqkDBHA7r4hej3K9A==",
      "dev": true
    },
    "readdirp": {
      "version": "3.6.0",
      "resolved": "https://registry.npmjs.org/readdirp/-/readdirp-3.6.0.tgz",
      "integrity": "sha512-hOS089on8RduqdbhvQ5Z37A0ESjsqz6qnRcffsMU3495FuTdqSm+7bhJ29JvIOsBDEEnan5DPu9t3To9VRlMzA==",
      "dev": true,
      "requires": {
        "picomatch": "^2.2.1"
      }
    },
    "ref-to": {
      "version": "0.0.7",
      "resolved": "https://registry.npmjs.org/ref-to/-/ref-to-0.0.7.tgz",
      "integrity": "sha512-oiMbb8YmCrDyFsE7NvJ1L5n+RBvCnyzp9oW4OkIxkjSBpv0MoHXZdR2jS+GrLmTNrsc/saUfEizN2p7hmVqEtw==",
      "dev": true,
      "requires": {
        "xtal-element": "0.0.416"
      },
      "dependencies": {
        "xtal-element": {
          "version": "0.0.416",
          "resolved": "https://registry.npmjs.org/xtal-element/-/xtal-element-0.0.416.tgz",
          "integrity": "sha512-OX0XANQgscdUdiYQSVU9pQDhRidsv2IFauDxba/vYdcXuCVCgVP4n7zcaLO3LeF0adPQNpJRg/z6Vv/aVq08iQ==",
          "dev": true,
          "requires": {
            "trans-render": "0.0.291"
          },
          "dependencies": {
            "trans-render": {
              "version": "0.0.291",
              "resolved": "https://registry.npmjs.org/trans-render/-/trans-render-0.0.291.tgz",
              "integrity": "sha512-r46oEbKv4D/0jix0DSADgITy1vVoU6QMsqy71FPpmn0S0hZElWl31pyJxa1hnQFO1KzCDmRxjP3iR9doQplVgQ==",
              "dev": true
            }
          }
        }
      }
    },
    "reusify": {
      "version": "1.0.4",
      "resolved": "https://registry.npmjs.org/reusify/-/reusify-1.0.4.tgz",
      "integrity": "sha512-U9nH88a3fc/ekCF1l0/UP1IosiuIjyTh7hBvXVMHYgVcfGvt897Xguj2UOLDeI5BG2m7/uwyaLVT6fbtCwTyzw==",
      "dev": true
    },
    "run-parallel": {
      "version": "1.2.0",
      "resolved": "https://registry.npmjs.org/run-parallel/-/run-parallel-1.2.0.tgz",
      "integrity": "sha512-5l4VyZR86LZ/lDxZTR6jqL8AFE2S0IFLMP26AbjsLVADxHdhB/c0GUsH+y39UfCi3dzz8OlQuPmnaJOMoDHQBA==",
      "dev": true,
      "requires": {
        "queue-microtask": "^1.2.2"
      }
    },
    "slash": {
      "version": "3.0.0",
      "resolved": "https://registry.npmjs.org/slash/-/slash-3.0.0.tgz",
      "integrity": "sha512-g9Q1haeby36OSStwb4ntCGGGaKsaVSjQ68fBxoQcutl5fS1vuY18H3wSt3jFyFtrkx+Kz0V1G85A4MyAdDMi2Q==",
      "dev": true
    },
    "templ-arts": {
      "version": "0.0.6",
      "resolved": "https://registry.npmjs.org/templ-arts/-/templ-arts-0.0.6.tgz",
      "integrity": "sha512-YWDFygeeFN6ZZmdZPck5k3jxQfdK2zVWMkFkmZNWnEB+7CWYx84Nv3im6rm4jHO3CBEWSqTDn57LSEYlpu0w+w==",
      "dev": true
    },
    "to-regex-range": {
      "version": "5.0.1",
      "resolved": "https://registry.npmjs.org/to-regex-range/-/to-regex-range-5.0.1.tgz",
      "integrity": "sha512-65P7iz6X5yEr1cwcgvQxbbIw7Uk3gOy5dIdtZ4rDveLqhrdJP+Li/Hx6tyK0NEb+2GCyneCMJiGqrADCSNk8sQ==",
      "dev": true,
      "requires": {
        "is-number": "^7.0.0"
      }
    },
    "trans-render": {
      "version": "0.0.392",
      "resolved": "https://registry.npmjs.org/trans-render/-/trans-render-0.0.392.tgz",
      "integrity": "sha512-o2q2ErZJf7wQZl+eM4+8omUuRKS8ytLlL3qnBSQtfzOWzb2d7L7FWxahtnAFT90HL9eCosNA9gH6l4bGfnVIkQ=="
    },
    "typescript": {
      "version": "4.4.3",
      "resolved": "https://registry.npmjs.org/typescript/-/typescript-4.4.3.tgz",
      "integrity": "sha512-4xfscpisVgqqDfPaJo5vkd+Qd/ItkoagnHpufr+i2QCHBsNYp+G7UAoyFl8aPtx879u38wPV65rZ8qbGZijalA==",
      "dev": true
    },
    "typical": {
      "version": "4.0.0",
      "resolved": "https://registry.npmjs.org/typical/-/typical-4.0.0.tgz",
      "integrity": "sha512-VAH4IvQ7BDFYglMd7BPRDfLgxZZX4O4TFcRDA6EN5X7erNJJq+McIEp8np9aVtxrCJ6qx4GTYVfOWNjcqwZgRw==",
      "dev": true
    },
    "xt-f": {
      "version": "0.0.3",
      "resolved": "https://registry.npmjs.org/xt-f/-/xt-f-0.0.3.tgz",
      "integrity": "sha512-Mvi1es172PL1kpiyitC4qo1M5s5Sa/VD3yegsycYddQkXSAUJuDCRv6sNhEU3azKDkxw0Vd4FL5QoMnyobmEAw==",
      "dev": true,
      "requires": {
        "xtal-element": "0.0.416"
      },
      "dependencies": {
        "xtal-element": {
          "version": "0.0.416",
          "resolved": "https://registry.npmjs.org/xtal-element/-/xtal-element-0.0.416.tgz",
          "integrity": "sha512-OX0XANQgscdUdiYQSVU9pQDhRidsv2IFauDxba/vYdcXuCVCgVP4n7zcaLO3LeF0adPQNpJRg/z6Vv/aVq08iQ==",
          "dev": true,
          "requires": {
            "trans-render": "0.0.291"
          },
          "dependencies": {
            "trans-render": {
              "version": "0.0.291",
              "resolved": "https://registry.npmjs.org/trans-render/-/trans-render-0.0.291.tgz",
              "integrity": "sha512-r46oEbKv4D/0jix0DSADgITy1vVoU6QMsqy71FPpmn0S0hZElWl31pyJxa1hnQFO1KzCDmRxjP3iR9doQplVgQ==",
              "dev": true
            }
          }
        }
      }
    },
    "xtal-deco": {
      "version": "0.0.27",
      "resolved": "https://registry.npmjs.org/xtal-deco/-/xtal-deco-0.0.27.tgz",
      "integrity": "sha512-vkDWALa6W5fg9qzWp/4aYK5aVsg9SFUu5qqqXSGayQfA+vGilvy1Mq8V6sT0+YnhA554s5/27nm22z5lGE0QYA==",
      "dev": true,
      "requires": {
        "trans-render": "0.0.269",
        "xtal-element": "0.0.315",
        "xtal-shell": "0.0.25"
      },
      "dependencies": {
        "trans-render": {
          "version": "0.0.269",
          "resolved": "https://registry.npmjs.org/trans-render/-/trans-render-0.0.269.tgz",
          "integrity": "sha512-Db+wK9uwjf/uvFCdGKpSfrdk2mdgNYtqOD3LHb7lKcuIPy7mgBcFYmyuLVtubzpp1iE5LtoE8Am1szRysQ+mag==",
          "dev": true
        },
        "xtal-element": {
          "version": "0.0.315",
          "resolved": "https://registry.npmjs.org/xtal-element/-/xtal-element-0.0.315.tgz",
          "integrity": "sha512-/fiDJux2obkZiFXBD8Edsc9D7VwvI9cOWCtNlct2Kttlotr92RBqpekoekvr9aeO9L6WVyFFWdwv+UJMEEvLAA==",
          "dev": true,
          "requires": {
            "trans-render": "0.0.269"
          }
        }
      }
    },
    "xtal-element": {
      "version": "0.0.441",
      "resolved": "https://registry.npmjs.org/xtal-element/-/xtal-element-0.0.441.tgz",
      "integrity": "sha512-R6OOT10w7qHJoheZv+B9T/vUsUzPT/dZHdwGb3KLQLSvPhFctcxhqUzsdomtnYTN7PkU2HXdeIf+4deSd0Gcow==",
      "requires": {
        "trans-render": "0.0.388"
      },
      "dependencies": {
        "trans-render": {
          "version": "0.0.388",
          "resolved": "https://registry.npmjs.org/trans-render/-/trans-render-0.0.388.tgz",
          "integrity": "sha512-nWQhZpzkWm6CZ4pjPGn65xxDB0mpO1lNJisrMr6wyyILJlOmGCb6lMqJP72/fCsyYSt335iuIx8IVoOel1zY5A=="
        }
      }
    },
    "xtal-fetch": {
      "version": "0.0.92",
      "resolved": "https://registry.npmjs.org/xtal-fetch/-/xtal-fetch-0.0.92.tgz",
      "integrity": "sha512-LPlqy8M3elWcf4bIgJq0fMghKDTrtVUV7EvX21UfoLjGo4QEyW6nGgU+VgjZoknAuCk3yq9D1LuYLqDh/GhscQ==",
      "dev": true,
      "requires": {
        "trans-render": "0.0.291",
        "xtal-element": "0.0.414"
      },
      "dependencies": {
        "trans-render": {
          "version": "0.0.291",
          "resolved": "https://registry.npmjs.org/trans-render/-/trans-render-0.0.291.tgz",
          "integrity": "sha512-r46oEbKv4D/0jix0DSADgITy1vVoU6QMsqy71FPpmn0S0hZElWl31pyJxa1hnQFO1KzCDmRxjP3iR9doQplVgQ==",
          "dev": true
        },
        "xtal-element": {
          "version": "0.0.414",
          "resolved": "https://registry.npmjs.org/xtal-element/-/xtal-element-0.0.414.tgz",
          "integrity": "sha512-EzLWpLczg7sBu2lR2co4wUj2zbTIOuR8zcV4Pb+NWGekcS1/x8mwd5Ll1vj+10wO5PREfMNn06sHf6nhKPyrPA==",
          "dev": true,
          "requires": {
            "trans-render": "0.0.291"
          }
        }
      }
    },
    "xtal-shell": {
      "version": "0.0.25",
      "resolved": "https://registry.npmjs.org/xtal-shell/-/xtal-shell-0.0.25.tgz",
      "integrity": "sha512-KzNsdEPQ5Qonsz5OwLJailVJYOIXhDgYBce/Vt3zCrv4MlmcCTIs8EQ7r+8ZVFJ+LXts09yrLSyo1Yhf7IzP7Q==",
      "dev": true
    },
    "xtal-test": {
      "version": "0.0.57",
      "resolved": "https://registry.npmjs.org/xtal-test/-/xtal-test-0.0.57.tgz",
      "integrity": "sha512-DcU64VhNUsSSuDYsEPFrIOJjsve7Z/tyRa+QLQ6ioEta+ZpnLJGgi6n/WAtz/EXKWAjxfvxtsvkVnqOgGznOAA==",
      "dev": true
    },
    "yargs-parser": {
      "version": "20.2.7",
      "resolved": "https://registry.npmjs.org/yargs-parser/-/yargs-parser-20.2.7.tgz",
      "integrity": "sha512-FiNkvbeHzB/syOjIUxFDCnhSfzAL8R5vs40MgLFBorXACCOAEaWu0gRZl14vG8MR9AOJIZbmkjhusqBYZ3HTHw==",
      "dev": true
    }
  }
}
