{
  "name": "xtal-fetch",
  "version": "0.0.41",
  "lockfileVersion": 1,
  "requires": true,
  "dependencies": {
    "@webcomponents/webcomponentsjs": {
      "version": "2.0.0",
      "resolved": "https://registry.npmjs.org/@webcomponents/webcomponentsjs/-/webcomponentsjs-2.0.0.tgz",
      "integrity": "sha512-f6izmesHd8E+rL32tftlXZmz1EAL+lLn8AUex0mJFLe39z53iTFNCqxAYsMmCA/QSGP+8X6D1it/JbuVl1jOHA==",
      "dev": true
    },
    "jiife": {
      "version": "0.0.4",
      "resolved": "https://registry.npmjs.org/jiife/-/jiife-0.0.4.tgz",
      "integrity": "sha512-BubRxE1DCPN5rUXcdObEPncX23qJpCTZ6zolfqPS0rJTg+Vos9Lnt6rZqhXLHRbBvmNpqwFG1XA4LYEC3AEq4g==",
      "dev": true
    },
    "xtal-latx": {
      "version": "0.0.25",
      "resolved": "https://registry.npmjs.org/xtal-latx/-/xtal-latx-0.0.25.tgz",
      "integrity": "sha512-2vErkR+tUHt3CF1tstiP9UNoVjb9YIlcgaYMMaTMgdU5iGCfU0gqYz/9pPmBPkUhluJQM9sNIYndibmEl8jX8Q=="
    }
  }
}
